
Microsoft Visual Studio Solution File, Format Version 12.00
# Visual Studio Version 17
VisualStudioVersion = 17.0.31903.59
MinimumVisualStudioVersion = 10.0.40219.1
Project("{FAE04EC0-301F-11D3-BF4B-00C04F79EFBC}") = "Modules", "Modules\Modules.csproj", "{CFF57D57-27A0-4350-8108-F7BE20385861}"
EndProject
Project("{FAE04EC0-301F-11D3-BF4B-00C04F79EFBC}") = "Interfaces", "Interfaces\Interfaces.csproj", "{D0F69901-CF33-4ACF-8362-FC8D5F7F84B5}"
EndProject
Project("{FAE04EC0-301F-11D3-BF4B-00C04F79EFBC}") = "Services", "Services\Services.csproj", "{EAB700BD-A502-4C1B-96EC-6E6E62BCB94D}"
EndProject
Project("{FAE04EC0-301F-11D3-BF4B-00C04F79EFBC}") = "Utilities", "Utilities\Utilities.csproj", "{2B8C55BA-CF03-4F62-94A5-30BE3D3497D2}"
EndProject
Project("{FAE04EC0-301F-11D3-BF4B-00C04F79EFBC}") = "ConsoleApp", "ConsoleApp\ConsoleApp.csproj", "{528A4DD7-7157-41DE-9624-2CB81FFA4441}"
EndProject
Project("{FAE04EC0-301F-11D3-BF4B-00C04F79EFBC}") = "Data", "Data\Data.csproj", "{CAB73D66-0415-474F-9CE9-B3FE349180B0}"
EndProject
Project("{FAE04EC0-301F-11D3-BF4B-00C04F79EFBC}") = "App", "App\App.csproj", "{E151308C-82D1-4068-A7BF-7E01E0655FC4}"
EndProject
Project("{2150E333-8FDC-42A3-9474-1A3956D46DE8}") = "App", "App", "{CB275DEE-37F9-4895-932F-464186F7F366}"
EndProject
Project("{FAE04EC0-301F-11D3-BF4B-00C04F79EFBC}") = "Views", "App\Views\Views.csproj", "{FDA36DBE-0AC8-47DB-A953-89E24E2CA6A5}"
EndProject
Project("{FAE04EC0-301F-11D3-BF4B-00C04F79EFBC}") = "ViewModels", "App\ViewModels\ViewModels.csproj", "{0CFFBD30-EC05-454D-BB86-368FAF461DF9}"
EndProject
Global
	GlobalSection(SolutionConfigurationPlatforms) = preSolution
		Debug|Any CPU = Debug|Any CPU
		Release|Any CPU = Release|Any CPU
	EndGlobalSection
	GlobalSection(SolutionProperties) = preSolution
		HideSolutionNode = FALSE
	EndGlobalSection
	GlobalSection(ProjectConfigurationPlatforms) = postSolution
		{CFF57D57-27A0-4350-8108-F7BE20385861}.Debug|Any CPU.ActiveCfg = Debug|Any CPU
		{CFF57D57-27A0-4350-8108-F7BE20385861}.Debug|Any CPU.Build.0 = Debug|Any CPU
		{CFF57D57-27A0-4350-8108-F7BE20385861}.Release|Any CPU.ActiveCfg = Release|Any CPU
		{CFF57D57-27A0-4350-8108-F7BE20385861}.Release|Any CPU.Build.0 = Release|Any CPU
		{D0F69901-CF33-4ACF-8362-FC8D5F7F84B5}.Debug|Any CPU.ActiveCfg = Debug|Any CPU
		{D0F69901-CF33-4ACF-8362-FC8D5F7F84B5}.Debug|Any CPU.Build.0 = Debug|Any CPU
		{D0F69901-CF33-4ACF-8362-FC8D5F7F84B5}.Release|Any CPU.ActiveCfg = Release|Any CPU
		{D0F69901-CF33-4ACF-8362-FC8D5F7F84B5}.Release|Any CPU.Build.0 = Release|Any CPU
		{EAB700BD-A502-4C1B-96EC-6E6E62BCB94D}.Debug|Any CPU.ActiveCfg = Debug|Any CPU
		{EAB700BD-A502-4C1B-96EC-6E6E62BCB94D}.Debug|Any CPU.Build.0 = Debug|Any CPU
		{EAB700BD-A502-4C1B-96EC-6E6E62BCB94D}.Release|Any CPU.ActiveCfg = Release|Any CPU
		{EAB700BD-A502-4C1B-96EC-6E6E62BCB94D}.Release|Any CPU.Build.0 = Release|Any CPU
		{2B8C55BA-CF03-4F62-94A5-30BE3D3497D2}.Debug|Any CPU.ActiveCfg = Debug|Any CPU
		{2B8C55BA-CF03-4F62-94A5-30BE3D3497D2}.Debug|Any CPU.Build.0 = Debug|Any CPU
		{2B8C55BA-CF03-4F62-94A5-30BE3D3497D2}.Release|Any CPU.ActiveCfg = Release|Any CPU
		{2B8C55BA-CF03-4F62-94A5-30BE3D3497D2}.Release|Any CPU.Build.0 = Release|Any CPU
		{528A4DD7-7157-41DE-9624-2CB81FFA4441}.Debug|Any CPU.ActiveCfg = Debug|Any CPU
		{528A4DD7-7157-41DE-9624-2CB81FFA4441}.Debug|Any CPU.Build.0 = Debug|Any CPU
		{528A4DD7-7157-41DE-9624-2CB81FFA4441}.Release|Any CPU.ActiveCfg = Release|Any CPU
		{528A4DD7-7157-41DE-9624-2CB81FFA4441}.Release|Any CPU.Build.0 = Release|Any CPU
		{CAB73D66-0415-474F-9CE9-B3FE349180B0}.Debug|Any CPU.ActiveCfg = Debug|Any CPU
		{CAB73D66-0415-474F-9CE9-B3FE349180B0}.Debug|Any CPU.Build.0 = Debug|Any CPU
		{CAB73D66-0415-474F-9CE9-B3FE349180B0}.Release|Any CPU.ActiveCfg = Release|Any CPU
		{CAB73D66-0415-474F-9CE9-B3FE349180B0}.Release|Any CPU.Build.0 = Release|Any CPU
		{E151308C-82D1-4068-A7BF-7E01E0655FC4}.Debug|Any CPU.ActiveCfg = Debug|Any CPU
		{E151308C-82D1-4068-A7BF-7E01E0655FC4}.Debug|Any CPU.Build.0 = Debug|Any CPU
		{E151308C-82D1-4068-A7BF-7E01E0655FC4}.Release|Any CPU.ActiveCfg = Release|Any CPU
		{E151308C-82D1-4068-A7BF-7E01E0655FC4}.Release|Any CPU.Build.0 = Release|Any CPU
		{FDA36DBE-0AC8-47DB-A953-89E24E2CA6A5}.Debug|Any CPU.ActiveCfg = Debug|Any CPU
		{FDA36DBE-0AC8-47DB-A953-89E24E2CA6A5}.Debug|Any CPU.Build.0 = Debug|Any CPU
		{FDA36DBE-0AC8-47DB-A953-89E24E2CA6A5}.Release|Any CPU.ActiveCfg = Release|Any CPU
		{FDA36DBE-0AC8-47DB-A953-89E24E2CA6A5}.Release|Any CPU.Build.0 = Release|Any CPU
		{0CFFBD30-EC05-454D-BB86-368FAF461DF9}.Debug|Any CPU.ActiveCfg = Debug|Any CPU
		{0CFFBD30-EC05-454D-BB86-368FAF461DF9}.Debug|Any CPU.Build.0 = Debug|Any CPU
		{0CFFBD30-EC05-454D-BB86-368FAF461DF9}.Release|Any CPU.ActiveCfg = Release|Any CPU
		{0CFFBD30-EC05-454D-BB86-368FAF461DF9}.Release|Any CPU.Build.0 = Release|Any CPU
	EndGlobalSection
	GlobalSection(NestedProjects) = preSolution
		{E151308C-82D1-4068-A7BF-7E01E0655FC4} = {CB275DEE-37F9-4895-932F-464186F7F366}
		{FDA36DBE-0AC8-47DB-A953-89E24E2CA6A5} = {CB275DEE-37F9-4895-932F-464186F7F366}
		{0CFFBD30-EC05-454D-BB86-368FAF461DF9} = {CB275DEE-37F9-4895-932F-464186F7F366}
	EndGlobalSection
EndGlobal
